// !$*UTF8*$!
{
	archiveVersion = 1;
	classes = {
	};
	objectVersion = 48;
	objects = {

/* Begin PBXBuildFile section */
		A63427A4202FC39B0098A589 /* AppDelegate.swift in Sources */ = {isa = PBXBuildFile; fileRef = A63427A3202FC39B0098A589 /* AppDelegate.swift */; };
		A63427A6202FC39B0098A589 /* ViewController.swift in Sources */ = {isa = PBXBuildFile; fileRef = A63427A5202FC39B0098A589 /* ViewController.swift */; };
		A63427A9202FC39B0098A589 /* Main.storyboard in Resources */ = {isa = PBXBuildFile; fileRef = A63427A7202FC39B0098A589 /* Main.storyboard */; };
		A63427AB202FC39B0098A589 /* Assets.xcassets in Resources */ = {isa = PBXBuildFile; fileRef = A63427AA202FC39B0098A589 /* Assets.xcassets */; };
		A63427AE202FC39B0098A589 /* LaunchScreen.storyboard in Resources */ = {isa = PBXBuildFile; fileRef = A63427AC202FC39B0098A589 /* LaunchScreen.storyboard */; };
		A63427B9202FC39C0098A589 /* swiftdizzleTests.swift in Sources */ = {isa = PBXBuildFile; fileRef = A63427B8202FC39C0098A589 /* swiftdizzleTests.swift */; };
		A63427C7202FC4190098A589 /* swiftdizzle.c in Sources */ = {isa = PBXBuildFile; fileRef = A63427C6202FC4190098A589 /* swiftdizzle.c */; };
/* End PBXBuildFile section */

/* Begin PBXContainerItemProxy section */
		A63427B5202FC39C0098A589 /* PBXContainerItemProxy */ = {
			isa = PBXContainerItemProxy;
			containerPortal = A6342798202FC39B0098A589 /* Project object */;
			proxyType = 1;
			remoteGlobalIDString = A634279F202FC39B0098A589;
			remoteInfo = swiftdizzle;
		};
/* End PBXContainerItemProxy section */

/* Begin PBXFileReference section */
		A63427A0202FC39B0098A589 /* swiftdizzle.app */ = {isa = PBXFileReference; explicitFileType = wrapper.application; includeInIndex = 0; path = swiftdizzle.app; sourceTree = BUILT_PRODUCTS_DIR; };
		A63427A3202FC39B0098A589 /* AppDelegate.swift */ = {isa = PBXFileReference; lastKnownFileType = sourcecode.swift; path = AppDelegate.swift; sourceTree = "<group>"; };
		A63427A5202FC39B0098A589 /* ViewController.swift */ = {isa = PBXFileReference; lastKnownFileType = sourcecode.swift; path = ViewController.swift; sourceTree = "<group>"; };
		A63427A8202FC39B0098A589 /* Base */ = {isa = PBXFileReference; lastKnownFileType = file.storyboard; name = Base; path = Base.lproj/Main.storyboard; sourceTree = "<group>"; };
		A63427AA202FC39B0098A589 /* Assets.xcassets */ = {isa = PBXFileReference; lastKnownFileType = folder.assetcatalog; path = Assets.xcassets; sourceTree = "<group>"; };
		A63427AD202FC39B0098A589 /* Base */ = {isa = PBXFileReference; lastKnownFileType = file.storyboard; name = Base; path = Base.lproj/LaunchScreen.storyboard; sourceTree = "<group>"; };
		A63427AF202FC39B0098A589 /* Info.plist */ = {isa = PBXFileReference; lastKnownFileType = text.plist.xml; path = Info.plist; sourceTree = "<group>"; };
		A63427B4202FC39C0098A589 /* swiftdizzleTests.xctest */ = {isa = PBXFileReference; explicitFileType = wrapper.cfbundle; includeInIndex = 0; path = swiftdizzleTests.xctest; sourceTree = BUILT_PRODUCTS_DIR; };
		A63427B8202FC39C0098A589 /* swiftdizzleTests.swift */ = {isa = PBXFileReference; lastKnownFileType = sourcecode.swift; path = swiftdizzleTests.swift; sourceTree = "<group>"; };
		A63427BA202FC39C0098A589 /* Info.plist */ = {isa = PBXFileReference; lastKnownFileType = text.plist.xml; path = Info.plist; sourceTree = "<group>"; };
		A63427C4202FC4190098A589 /* swiftdizzle-Bridging-Header.h */ = {isa = PBXFileReference; lastKnownFileType = sourcecode.c.h; path = "swiftdizzle-Bridging-Header.h"; sourceTree = "<group>"; };
		A63427C5202FC4190098A589 /* swiftdizzle.h */ = {isa = PBXFileReference; lastKnownFileType = sourcecode.c.h; path = swiftdizzle.h; sourceTree = "<group>"; };
		A63427C6202FC4190098A589 /* swiftdizzle.c */ = {isa = PBXFileReference; lastKnownFileType = sourcecode.c.c; path = swiftdizzle.c; sourceTree = "<group>"; };
/* End PBXFileReference section */

/* Begin PBXFrameworksBuildPhase section */
		A634279D202FC39B0098A589 /* Frameworks */ = {
			isa = PBXFrameworksBuildPhase;
			buildActionMask = 2147483647;
			files = (
			);
			runOnlyForDeploymentPostprocessing = 0;
		};
		A63427B1202FC39C0098A589 /* Frameworks */ = {
			isa = PBXFrameworksBuildPhase;
			buildActionMask = 2147483647;
			files = (
			);
			runOnlyForDeploymentPostprocessing = 0;
		};
/* End PBXFrameworksBuildPhase section */

/* Begin PBXGroup section */
		A6342797202FC39B0098A589 = {
			isa = PBXGroup;
			children = (
				A63427C3202FC4000098A589 /* dizzle */,
				A63427A2202FC39B0098A589 /* swiftdizzle */,
				A63427B7202FC39C0098A589 /* swiftdizzleTests */,
				A63427A1202FC39B0098A589 /* Products */,
			);
			sourceTree = "<group>";
		};
		A63427A1202FC39B0098A589 /* Products */ = {
			isa = PBXGroup;
			children = (
				A63427A0202FC39B0098A589 /* swiftdizzle.app */,
				A63427B4202FC39C0098A589 /* swiftdizzleTests.xctest */,
			);
			name = Products;
			sourceTree = "<group>";
		};
		A63427A2202FC39B0098A589 /* swiftdizzle */ = {
			isa = PBXGroup;
			children = (
				A63427A3202FC39B0098A589 /* AppDelegate.swift */,
				A63427A5202FC39B0098A589 /* ViewController.swift */,
				A63427A7202FC39B0098A589 /* Main.storyboard */,
				A63427AA202FC39B0098A589 /* Assets.xcassets */,
				A63427AC202FC39B0098A589 /* LaunchScreen.storyboard */,
				A63427AF202FC39B0098A589 /* Info.plist */,
			);
			path = swiftdizzle;
			sourceTree = "<group>";
		};
		A63427B7202FC39C0098A589 /* swiftdizzleTests */ = {
			isa = PBXGroup;
			children = (
				A63427B8202FC39C0098A589 /* swiftdizzleTests.swift */,
				A63427BA202FC39C0098A589 /* Info.plist */,
			);
			path = swiftdizzleTests;
			sourceTree = "<group>";
		};
		A63427C3202FC4000098A589 /* dizzle */ = {
			isa = PBXGroup;
			children = (
				A63427C5202FC4190098A589 /* swiftdizzle.h */,
				A63427C6202FC4190098A589 /* swiftdizzle.c */,
				A63427C4202FC4190098A589 /* swiftdizzle-Bridging-Header.h */,
			);
			path = dizzle;
			sourceTree = "<group>";
		};
/* End PBXGroup section */

/* Begin PBXNativeTarget section */
		A634279F202FC39B0098A589 /* swiftdizzle */ = {
			isa = PBXNativeTarget;
			buildConfigurationList = A63427BD202FC39C0098A589 /* Build configuration list for PBXNativeTarget "swiftdizzle" */;
			buildPhases = (
				A634279C202FC39B0098A589 /* Sources */,
				A634279D202FC39B0098A589 /* Frameworks */,
				A634279E202FC39B0098A589 /* Resources */,
			);
			buildRules = (
			);
			dependencies = (
			);
			name = swiftdizzle;
			productName = swiftdizzle;
			productReference = A63427A0202FC39B0098A589 /* swiftdizzle.app */;
			productType = "com.apple.product-type.application";
		};
		A63427B3202FC39C0098A589 /* swiftdizzleTests */ = {
			isa = PBXNativeTarget;
			buildConfigurationList = A63427C0202FC39C0098A589 /* Build configuration list for PBXNativeTarget "swiftdizzleTests" */;
			buildPhases = (
				A63427B0202FC39C0098A589 /* Sources */,
				A63427B1202FC39C0098A589 /* Frameworks */,
				A63427B2202FC39C0098A589 /* Resources */,
			);
			buildRules = (
			);
			dependencies = (
				A63427B6202FC39C0098A589 /* PBXTargetDependency */,
			);
			name = swiftdizzleTests;
			productName = swiftdizzleTests;
			productReference = A63427B4202FC39C0098A589 /* swiftdizzleTests.xctest */;
			productType = "com.apple.product-type.bundle.unit-test";
		};
/* End PBXNativeTarget section */

/* Begin PBXProject section */
		A6342798202FC39B0098A589 /* Project object */ = {
			isa = PBXProject;
			attributes = {
				LastSwiftUpdateCheck = 0920;
				LastUpgradeCheck = 1010;
				ORGANIZATIONNAME = Razeware;
				TargetAttributes = {
					A634279F202FC39B0098A589 = {
						CreatedOnToolsVersion = 9.2;
						LastSwiftMigration = 1010;
						ProvisioningStyle = Automatic;
					};
					A63427B3202FC39C0098A589 = {
						CreatedOnToolsVersion = 9.2;
						LastSwiftMigration = 1010;
						ProvisioningStyle = Automatic;
						TestTargetID = A634279F202FC39B0098A589;
					};
				};
			};
			buildConfigurationList = A634279B202FC39B0098A589 /* Build configuration list for PBXProject "swiftdizzle" */;
			compatibilityVersion = "Xcode 8.0";
			developmentRegion = en;
			hasScannedForEncodings = 0;
			knownRegions = (
				en,
				Base,
			);
			mainGroup = A6342797202FC39B0098A589;
			productRefGroup = A63427A1202FC39B0098A589 /* Products */;
			projectDirPath = "";
			projectRoot = "";
			targets = (
				A634279F202FC39B0098A589 /* swiftdizzle */,
				A63427B3202FC39C0098A589 /* swiftdizzleTests */,
			);
		};
/* End PBXProject section */

/* Begin PBXResourcesBuildPhase section */
		A634279E202FC39B0098A589 /* Resources */ = {
			isa = PBXResourcesBuildPhase;
			buildActionMask = 2147483647;
			files = (
				A63427AE202FC39B0098A589 /* LaunchScreen.storyboard in Resources */,
				A63427AB202FC39B0098A589 /* Assets.xcassets in Resources */,
				A63427A9202FC39B0098A589 /* Main.storyboard in Resources */,
			);
			runOnlyForDeploymentPostprocessing = 0;
		};
		A63427B2202FC39C0098A589 /* Resources */ = {
			isa = PBXResourcesBuildPhase;
			buildActionMask = 2147483647;
			files = (
			);
			runOnlyForDeploymentPostprocessing = 0;
		};
/* End PBXResourcesBuildPhase section */

/* Begin PBXSourcesBuildPhase section */
		A634279C202FC39B0098A589 /* Sources */ = {
			isa = PBXSourcesBuildPhase;
			buildActionMask = 2147483647;
			files = (
				A63427A6202FC39B0098A589 /* ViewController.swift in Sources */,
				A63427A4202FC39B0098A589 /* AppDelegate.swift in Sources */,
				A63427C7202FC4190098A589 /* swiftdizzle.c in Sources */,
			);
			runOnlyForDeploymentPostprocessing = 0;
		};
		A63427B0202FC39C0098A589 /* Sources */ = {
			isa = PBXSourcesBuildPhase;
			buildActionMask = 2147483647;
			files = (
				A63427B9202FC39C0098A589 /* swiftdizzleTests.swift in Sources */,
			);
			runOnlyForDeploymentPostprocessing = 0;
		};
/* End PBXSourcesBuildPhase section */

/* Begin PBXTargetDependency section */
		A63427B6202FC39C0098A589 /* PBXTargetDependency */ = {
			isa = PBXTargetDependency;
			target = A634279F202FC39B0098A589 /* swiftdizzle */;
			targetProxy = A63427B5202FC39C0098A589 /* PBXContainerItemProxy */;
		};
/* End PBXTargetDependency section */

/* Begin PBXVariantGroup section */
		A63427A7202FC39B0098A589 /* Main.storyboard */ = {
			isa = PBXVariantGroup;
			children = (
				A63427A8202FC39B0098A589 /* Base */,
			);
			name = Main.storyboard;
			sourceTree = "<group>";
		};
		A63427AC202FC39B0098A589 /* LaunchScreen.storyboard */ = {
			isa = PBXVariantGroup;
			children = (
				A63427AD202FC39B0098A589 /* Base */,
			);
			name = LaunchScreen.storyboard;
			sourceTree = "<group>";
		};
/* End PBXVariantGroup section */

/* Begin XCBuildConfiguration section */
		A63427BB202FC39C0098A589 /* Debug */ = {
			isa = XCBuildConfiguration;
			buildSettings = {
				ALWAYS_SEARCH_USER_PATHS = NO;
				CLANG_ANALYZER_NONNULL = YES;
				CLANG_ANALYZER_NUMBER_OBJECT_CONVERSION = YES_AGGRESSIVE;
				CLANG_CXX_LANGUAGE_STANDARD = "gnu++14";
				CLANG_CXX_LIBRARY = "libc++";
				CLANG_ENABLE_MODULES = YES;
				CLANG_ENABLE_OBJC_ARC = YES;
				CLANG_WARN_BLOCK_CAPTURE_AUTORELEASING = YES;
				CLANG_WARN_BOOL_CONVERSION = YES;
				CLANG_WARN_COMMA = YES;
				CLANG_WARN_CONSTANT_CONVERSION = YES;
				CLANG_WARN_DEPRECATED_OBJC_IMPLEMENTATIONS = YES;
				CLANG_WARN_DIRECT_OBJC_ISA_USAGE = YES_ERROR;
				CLANG_WARN_DOCUMENTATION_COMMENTS = YES;
				CLANG_WARN_EMPTY_BODY = YES;
				CLANG_WARN_ENUM_CONVERSION = YES;
				CLANG_WARN_INFINITE_RECURSION = YES;
				CLANG_WARN_INT_CONVERSION = YES;
				CLANG_WARN_NON_LITERAL_NULL_CONVERSION = YES;
				CLANG_WARN_OBJC_IMPLICIT_RETAIN_SELF = YES;
				CLANG_WARN_OBJC_LITERAL_CONVERSION = YES;
				CLANG_WARN_OBJC_ROOT_CLASS = YES_ERROR;
				CLANG_WARN_RANGE_LOOP_ANALYSIS = YES;
				CLANG_WARN_STRICT_PROTOTYPES = YES;
				CLANG_WARN_SUSPICIOUS_MOVE = YES;
				CLANG_WARN_UNGUARDED_AVAILABILITY = YES_AGGRESSIVE;
				CLANG_WARN_UNREACHABLE_CODE = YES;
				CLANG_WARN__DUPLICATE_METHOD_MATCH = YES;
				CODE_SIGN_IDENTITY = "iPhone Developer";
				COPY_PHASE_STRIP = NO;
				DEBUG_INFORMATION_FORMAT = dwarf;
				ENABLE_STRICT_OBJC_MSGSEND = YES;
				ENABLE_TESTABILITY = YES;
				GCC_C_LANGUAGE_STANDARD = gnu11;
				GCC_DYNAMIC_NO_PIC = NO;
				GCC_NO_COMMON_BLOCKS = YES;
				GCC_OPTIMIZATION_LEVEL = 0;
				GCC_PREPROCESSOR_DEFINITIONS = (
					"DEBUG=1",
					"$(inherited)",
				);
				GCC_WARN_64_TO_32_BIT_CONVERSION = YES;
				GCC_WARN_ABOUT_RETURN_TYPE = YES_ERROR;
				GCC_WARN_UNDECLARED_SELECTOR = YES;
				GCC_WARN_UNINITIALIZED_AUTOS = YES_AGGRESSIVE;
				GCC_WARN_UNUSED_FUNCTION = YES;
				GCC_WARN_UNUSED_VARIABLE = YES;
				IPHONEOS_DEPLOYMENT_TARGET = 11.2;
				MTL_ENABLE_DEBUG_INFO = YES;
				ONLY_ACTIVE_ARCH = YES;
				SDKROOT = iphoneos;
				SWIFT_ACTIVE_COMPILATION_CONDITIONS = DEBUG;
				SWIFT_OPTIMIZATION_LEVEL = "-Onone";
			};
			name = Debug;
		};
		A63427BC202FC39C0098A589 /* Release */ = {
			isa = XCBuildConfiguration;
			buildSettings = {
				ALWAYS_SEARCH_USER_PATHS = NO;
				CLANG_ANALYZER_NONNULL = YES;
				CLANG_ANALYZER_NUMBER_OBJECT_CONVERSION = YES_AGGRESSIVE;
				CLANG_CXX_LANGUAGE_STANDARD = "gnu++14";
				CLANG_CXX_LIBRARY = "libc++";
				CLANG_ENABLE_MODULES = YES;
				CLANG_ENABLE_OBJC_ARC = YES;
				CLANG_WARN_BLOCK_CAPTURE_AUTORELEASING = YES;
				CLANG_WARN_BOOL_CONVERSION = YES;
				CLANG_WARN_COMMA = YES;
				CLANG_WARN_CONSTANT_CONVERSION = YES;
				CLANG_WARN_DEPRECATED_OBJC_IMPLEMENTATIONS = YES;
				CLANG_WARN_DIRECT_OBJC_ISA_USAGE = YES_ERROR;
				CLANG_WARN_DOCUMENTATION_COMMENTS = YES;
				CLANG_WARN_EMPTY_BODY = YES;
				CLANG_WARN_ENUM_CONVERSION = YES;
				CLANG_WARN_INFINITE_RECURSION = YES;
				CLANG_WARN_INT_CONVERSION = YES;
				CLANG_WARN_NON_LITERAL_NULL_CONVERSION = YES;
				CLANG_WARN_OBJC_IMPLICIT_RETAIN_SELF = YES;
				CLANG_WARN_OBJC_LITERAL_CONVERSION = YES;
				CLANG_WARN_OBJC_ROOT_CLASS = YES_ERROR;
				CLANG_WARN_RANGE_LOOP_ANALYSIS = YES;
				CLANG_WARN_STRICT_PROTOTYPES = YES;
				CLANG_WARN_SUSPICIOUS_MOVE = YES;
				CLANG_WARN_UNGUARDED_AVAILABILITY = YES_AGGRESSIVE;
				CLANG_WARN_UNREACHABLE_CODE = YES;
				CLANG_WARN__DUPLICATE_METHOD_MATCH = YES;
				CODE_SIGN_IDENTITY = "iPhone Developer";
				COPY_PHASE_STRIP = NO;
				DEBUG_INFORMATION_FORMAT = "dwarf-with-dsym";
				ENABLE_NS_ASSERTIONS = NO;
				ENABLE_STRICT_OBJC_MSGSEND = YES;
				GCC_C_LANGUAGE_STANDARD = gnu11;
				GCC_NO_COMMON_BLOCKS = YES;
				GCC_WARN_64_TO_32_BIT_CONVERSION = YES;
				GCC_WARN_ABOUT_RETURN_TYPE = YES_ERROR;
				GCC_WARN_UNDECLARED_SELECTOR = YES;
				GCC_WARN_UNINITIALIZED_AUTOS = YES_AGGRESSIVE;
				GCC_WARN_UNUSED_FUNCTION = YES;
				GCC_WARN_UNUSED_VARIABLE = YES;
				IPHONEOS_DEPLOYMENT_TARGET = 11.2;
				MTL_ENABLE_DEBUG_INFO = NO;
				SDKROOT = iphoneos;
				SWIFT_OPTIMIZATION_LEVEL = "-Owholemodule";
				VALIDATE_PRODUCT = YES;
			};
			name = Release;
		};
		A63427BE202FC39C0098A589 /* Debug */ = {
			isa = XCBuildConfiguration;
			buildSettings = {
				ASSETCATALOG_COMPILER_APPICON_NAME = AppIcon;
				CLANG_ENABLE_MODULES = YES;
				CODE_SIGN_STYLE = Automatic;
				INFOPLIST_FILE = swiftdizzle/Info.plist;
				LD_RUNPATH_SEARCH_PATHS = "$(inherited) @executable_path/Frameworks";
				PRODUCT_BUNDLE_IDENTIFIER = com.selander.swiftdizzle;
				PRODUCT_NAME = "$(TARGET_NAME)";
				SWIFT_OBJC_BRIDGING_HEADER = "dizzle/swiftdizzle-Bridging-Header.h";
				SWIFT_OPTIMIZATION_LEVEL = "-Onone";
				SWIFT_VERSION = 4.2;
				TARGETED_DEVICE_FAMILY = "1,2";
			};
			name = Debug;
		};
		A63427BF202FC39C0098A589 /* Release */ = {
			isa = XCBuildConfiguration;
			buildSettings = {
				ASSETCATALOG_COMPILER_APPICON_NAME = AppIcon;
				CLANG_ENABLE_MODULES = YES;
				CODE_SIGN_STYLE = Automatic;
				INFOPLIST_FILE = swiftdizzle/Info.plist;
				LD_RUNPATH_SEARCH_PATHS = "$(inherited) @executable_path/Frameworks";
				PRODUCT_BUNDLE_IDENTIFIER = com.selander.swiftdizzle;
				PRODUCT_NAME = "$(TARGET_NAME)";
				SWIFT_OBJC_BRIDGING_HEADER = "dizzle/swiftdizzle-Bridging-Header.h";
				SWIFT_VERSION = 4.2;
				TARGETED_DEVICE_FAMILY = "1,2";
			};
			name = Release;
		};
		A63427C1202FC39C0098A589 /* Debug */ = {
			isa = XCBuildConfiguration;
			buildSettings = {
				ALWAYS_EMBED_SWIFT_STANDARD_LIBRARIES = YES;
				BUNDLE_LOADER = "$(TEST_HOST)";
				CODE_SIGN_STYLE = Automatic;
				INFOPLIST_FILE = swiftdizzleTests/Info.plist;
				LD_RUNPATH_SEARCH_PATHS = "$(inherited) @executable_path/Frameworks @loader_path/Frameworks";
				PRODUCT_BUNDLE_IDENTIFIER = com.selander.swiftdizzleTests;
				PRODUCT_NAME = "$(TARGET_NAME)";
				SWIFT_VERSION = 4.2;
				TARGETED_DEVICE_FAMILY = "1,2";
				TEST_HOST = "$(BUILT_PRODUCTS_DIR)/swiftdizzle.app/swiftdizzle";
			};
			name = Debug;
		};
		A63427C2202FC39C0098A589 /* Release */ = {
			isa = XCBuildConfiguration;
			buildSettings = {
				ALWAYS_EMBED_SWIFT_STANDARD_LIBRARIES = YES;
				BUNDLE_LOADER = "$(TEST_HOST)";
				CODE_SIGN_STYLE = Automatic;
				INFOPLIST_FILE = swiftdizzleTests/Info.plist;
				LD_RUNPATH_SEARCH_PATHS = "$(inherited) @executable_path/Frameworks @loader_path/Frameworks";
				PRODUCT_BUNDLE_IDENTIFIER = com.selander.swiftdizzleTests;
				PRODUCT_NAME = "$(TARGET_NAME)";
				SWIFT_VERSION = 4.2;
				TARGETED_DEVICE_FAMILY = "1,2";
				TEST_HOST = "$(BUILT_PRODUCTS_DIR)/swiftdizzle.app/swiftdizzle";
			};
			name = Release;
		};
/* End XCBuildConfiguration section */

/* Begin XCConfigurationList section */
		A634279B202FC39B0098A589 /* Build configuration list for PBXProject "swiftdizzle" */ = {
			isa = XCConfigurationList;
			buildConfigurations = (
				A63427BB202FC39C0098A589 /* Debug */,
				A63427BC202FC39C0098A589 /* Release */,
			);
			defaultConfigurationIsVisible = 0;
			defaultConfigurationName = Release;
		};
		A63427BD202FC39C0098A589 /* Build configuration list for PBXNativeTarget "swiftdizzle" */ = {
			isa = XCConfigurationList;
			buildConfigurations = (
				A63427BE202FC39C0098A589 /* Debug */,
				A63427BF202FC39C0098A589 /* Release */,
			);
			defaultConfigurationIsVisible = 0;
			defaultConfigurationName = Release;
		};
		A63427C0202FC39C0098A589 /* Build configuration list for PBXNativeTarget "swiftdizzleTests" */ = {
			isa = XCConfigurationList;
			buildConfigurations = (
				A63427C1202FC39C0098A589 /* Debug */,
				A63427C2202FC39C0098A589 /* Release */,
			);
			defaultConfigurationIsVisible = 0;
			defaultConfigurationName = Release;
		};
/* End XCConfigurationList section */
	};
	rootObject = A6342798202FC39B0098A589 /* Project object */;
}
